Microsoft Visual Studio Solution File, Format Version 12.00
# Visual Studio Version 17
VisualStudioVersion = 17.5.2.0
MinimumVisualStudioVersion = 10.0.40219.1
Project("{FAE04EC0-301F-11D3-BF4B-00C04F79EFBC}") = "chatgpt_client", "chatgpt_client.csproj", "{C9CE869E-1843-D17A-1924-5F1F7AC13F39}"
EndProject
Global
	GlobalSection(SolutionConfigurationPlatforms) = preSolution
		Debug|Any CPU = Debug|Any CPU
		Release|Any CPU = Release|Any CPU
	EndGlobalSection
	GlobalSection(ProjectConfigurationPlatforms) = postSolution
		{C9CE869E-1843-D17A-1924-5F1F7AC13F39}.Debug|Any CPU.ActiveCfg = Debug|Any CPU
		{C9CE869E-1843-D17A-1924-5F1F7AC13F39}.Debug|Any CPU.Build.0 = Debug|Any CPU
		{C9CE869E-1843-D17A-1924-5F1F7AC13F39}.Release|Any CPU.ActiveCfg = Release|Any CPU
		{C9CE869E-1843-D17A-1924-5F1F7AC13F39}.Release|Any CPU.Build.0 = Release|Any CPU
	EndGlobalSection
	GlobalSection(SolutionProperties) = preSolution
		HideSolutionNode = FALSE
	EndGlobalSection
	GlobalSection(ExtensibilityGlobals) = postSolution
		SolutionGuid = {623F1597-D824-468C-9459-C37E04F1BB06}
	EndGlobalSection
EndGlobal
