
Microsoft Visual Studio Solution File, Format Version 12.00
# Visual Studio Version 17
VisualStudioVersion = 17.5.002.0
MinimumVisualStudioVersion = 10.0.40219.1
Project("{9A19103F-16F7-4668-BE54-9A1E7A4F7556}") = "dragon_curve", "dragon_curve.csproj", "{81D75ABF-A6C8-4E92-82D8-A8FB18578BF3}"
EndProject
Global
	GlobalSection(SolutionConfigurationPlatforms) = preSolution
		Debug|Any CPU = Debug|Any CPU
		Release|Any CPU = Release|Any CPU
	EndGlobalSection
	GlobalSection(ProjectConfigurationPlatforms) = postSolution
		{81D75ABF-A6C8-4E92-82D8-A8FB18578BF3}.Debug|Any CPU.ActiveCfg = Debug|Any CPU
		{81D75ABF-A6C8-4E92-82D8-A8FB18578BF3}.Debug|Any CPU.Build.0 = Debug|Any CPU
		{81D75ABF-A6C8-4E92-82D8-A8FB18578BF3}.Release|Any CPU.ActiveCfg = Release|Any CPU
		{81D75ABF-A6C8-4E92-82D8-A8FB18578BF3}.Release|Any CPU.Build.0 = Release|Any CPU
	EndGlobalSection
	GlobalSection(SolutionProperties) = preSolution
		HideSolutionNode = FALSE
	EndGlobalSection
	GlobalSection(ExtensibilityGlobals) = postSolution
		SolutionGuid = {789475CF-8F77-46CB-84A5-4C53A67BDA77}
	EndGlobalSection
EndGlobal
